{"1.2.0",
[{<<"certifi">>,{pkg,<<"certifi">>,<<"2.13.0">>},1},
 {<<"chacha20">>,{pkg,<<"chacha20">>,<<"1.0.4">>},3},
 {<<"cowlib">>,{pkg,<<"cowlib">>,<<"2.12.1">>},2},
 {<<"curve25519">>,{pkg,<<"curve25519">>,<<"1.0.5">>},2},
 {<<"decimal">>,{pkg,<<"decimal">>,<<"2.1.1">>},0},
 {<<"ed25519">>,{pkg,<<"ed25519">>,<<"1.4.1">>},2},
 {<<"equivalex">>,{pkg,<<"equivalex">>,<<"1.0.3">>},3},
 {<<"gun">>,{pkg,<<"gun">>,<<"2.0.1">>},1},
 {<<"jason">>,{pkg,<<"jason">>,<<"1.4.1">>},1},
 {<<"kcl">>,{pkg,<<"kcl">>,<<"1.4.2">>},1},
 {<<"mime">>,{pkg,<<"mime">>,<<"2.0.5">>},0},
 {<<"nostrum">>,{pkg,<<"nostrum">>,<<"0.8.0">>},0},
 {<<"poly1305">>,{pkg,<<"poly1305">>,<<"1.0.4">>},2},
 {<<"salsa20">>,{pkg,<<"salsa20">>,<<"1.0.4">>},2}]}.
[
{pkg_hash,[
 {<<"certifi">>, <<"E52BE248590050B2DD33B0BB274B56678F9068E67805DCA8AA8B1CCDB016BBF6">>},
 {<<"chacha20">>, <<"0359D8F9A32269271044C1B471D5CF69660C362A7C61A98F73A05EF0B5D9EB9E">>},
 {<<"cowlib">>, <<"A9FA9A625F1D2025FE6B462CB865881329B5CAFF8F1854D1CBC9F9533F00E1E1">>},
 {<<"curve25519">>, <<"F801179424E4012049FCFCFCDA74AC04F65D0FFCEEB80E7EF1D3352DEB09F5BB">>},
 {<<"decimal">>, <<"5611DCA5D4B2C3DD497DEC8F68751F1F1A54755E8ED2A966C2633CF885973AD6">>},
 {<<"ed25519">>, <<"479FB83C3E31987C9CAD780E6AEB8F2015FB5A482618CDF2A825C9AFF809AFC4">>},
 {<<"equivalex">>, <<"170D9A82AE066E0020DFE1CF7811381669565922EB3359F6C91D7E9A1124FF74">>},
 {<<"gun">>, <<"160A9A5394800FCBA41BC7E6D421295CF9A7894C2252C0678244948E3336AD73">>},
 {<<"jason">>, <<"AF1504E35F629DDCDD6ADDB3513C3853991F694921B1B9368B0BD32BEB9F1B63">>},
 {<<"kcl">>, <<"8B73A55A14899DC172FCB05A13A754AC171C8165C14F65043382D567922F44AB">>},
 {<<"mime">>, <<"DC34C8EFD439ABE6AE0343EDBB8556F4D63F178594894720607772A041B04B02">>},
 {<<"nostrum">>, <<"36F5A08E99C3DF3020523BE9E1C650AD926A63BECC5318562ABFE782D586E078">>},
 {<<"poly1305">>, <<"7CDC8961A0A6E00A764835918CDB8ADE868044026DF8EF5D718708EA6CC06611">>},
 {<<"salsa20">>, <<"404CBEA1FA8E68A41BCC834C0A2571AC175580FEC01CC38CC70C0FB9FFC87E9B">>}]},
{pkg_hash_ext,[
 {<<"certifi">>, <<"8F3D9533A0F06070AFDFD5D596B32E21C6580667A492891851B0E2737BC507A1">>},
 {<<"chacha20">>, <<"2027F5D321AE9903F1F0DA7F51B0635AD6B8819BC7FE397837930A2011BC2349">>},
 {<<"cowlib">>, <<"163B73F6367A7341B33C794C4E88E7DBFE6498AC42DCD69EF44C5BC5507C8DB0">>},
 {<<"curve25519">>, <<"0FBA3AD55BF1154D4D5FC3AE5FB91B912B77B13F0DEF6CCB3A5D58168FF4192D">>},
 {<<"decimal">>, <<"53CFE5F497ED0E7771AE1A475575603D77425099BA5FAEF9394932B35020FFCC">>},
 {<<"ed25519">>, <<"0DACB84F3FAA3D8148E81019CA35F9D8DCEE13232C32C9DB5C2FB8FF48C80EC7">>},
 {<<"equivalex">>, <<"46FA311ADB855117D36E461B9C0AD2598F72110AD17AD73D7533C78020E045FC">>},
 {<<"gun">>, <<"A10BC8D6096B9502205022334F719CC9A08D9ADCFBFC0DBEE9EF31B56274A20B">>},
 {<<"jason">>, <<"FBB01ECDFD565B56261302F7E1FCC27C4FB8F32D56EAB74DB621FC154604A7A1">>},
 {<<"kcl">>, <<"9F083DD3844D902DF6834B258564A82B21A15EB9F6ACDC98E8DF0C10FEEABF05">>},
 {<<"mime">>, <<"DA0D64A365C45BC9935CC5C8A7FC5E49A0E0F9932A761C55D6C52B142780A05C">>},
 {<<"nostrum">>, <<"CE6861391FF346089D32A243FA71C0CB8BFF79AB86AD53E8BF72808267899AEE">>},
 {<<"poly1305">>, <<"E14E684661A5195E149B3139DB4A1693579D4659D65BBA115A307529C47DBC3B">>},
 {<<"salsa20">>, <<"745DDCD8CFA563DDB0FD61E7CE48D5146279A2CF7834E1DA8441B369FDC58AC6">>}]}
].
